github.com/andrewarrow/go-isotp v0.0.10 h1:cHjP9qbZBRBX/omusfBv7dxb2VZyOYfrMyZNlNten9s=
github.com/andrewarrow/go-isotp v0.0.10/go.mod h1:2o26dC6fZu+SUj3WcRETdTGx/Z1HzWyXF9PPnpps1W0=
github.com/andrewarrow/go-isotp v0.0.11 h1:f/I03GIFBX1f4niafmw59bJsn/gVOVPxPeF68JWtVQw=
github.com/andrewarrow/go-isotp v0.0.11/go.mod h1:2o26dC6fZu+SUj3WcRETdTGx/Z1HzWyXF9PPnpps1W0=
github.com/andrewarrow/go-isotp v0.0.12 h1:3bGQxlAlnLGApSYlTG2mIo8Xx/QELMOoYS769n8g5Ao=
github.com/andrewarrow/go-isotp v0.0.12/go.mod h1:2o26dC6fZu+SUj3WcRETdTGx/Z1HzWyXF9PPnpps1W0=
