github.com/andrewarrow/go-isotp v0.0.5 h1:fZAT2d529tQzDhQlhwt6+6wW/qNGnhyn2yjFbCU3yv4=
github.com/andrewarrow/go-isotp v0.0.5/go.mod h1:2o26dC6fZu+SUj3WcRETdTGx/Z1HzWyXF9PPnpps1W0=
github.com/andrewarrow/go-isotp v0.0.6 h1:RmXQn9bYZcXoiyHppBFDxTgOS1mSBLcOYBg4V2j7gvI=
github.com/andrewarrow/go-isotp v0.0.6/go.mod h1:2o26dC6fZu+SUj3WcRETdTGx/Z1HzWyXF9PPnpps1W0=
